{
  "name": "minylClient",
  "version": "1.0.0",
  "lockfileVersion": 1,
  "dependencies": {
    "angular": {
      "version": "1.6.4",
      "resolved": "https://registry.npmjs.org/angular/-/angular-1.6.4.tgz",
      "integrity": "sha1-A7exXAGggC1+LPWTJA5gQFTcd/s="
    },
    "angular-cookies": {
      "version": "1.6.4",
      "resolved": "https://registry.npmjs.org/angular-cookies/-/angular-cookies-1.6.4.tgz",
      "integrity": "sha1-wo8/aqx6mCbB5F8daAckADblsm0="
    },
    "angular-route": {
      "version": "1.6.4",
      "resolved": "https://registry.npmjs.org/angular-route/-/angular-route-1.6.4.tgz",
      "integrity": "sha1-e7IW/Np0ahuMRSBUsFkApwdOzGI="
    }
  }
}
